
Microsoft Visual Studio Solution File, Format Version 12.00
# Visual Studio 15
VisualStudioVersion = 15.0.28307.168
MinimumVisualStudioVersion = 10.0.40219.1
Project("{9A19103F-16F7-4668-BE54-9A1E7A4F7556}") = "BinarySearch", "BinarySearch\BinarySearch.csproj", "{1E1E7CAF-F616-44A8-A10D-9471499982E8}"
EndProject
Project("{9A19103F-16F7-4668-BE54-9A1E7A4F7556}") = "SelectionSort", "SelectionSort\SelectionSort.csproj", "{BEA4D335-3127-4E1F-AE9A-C6922980E7B3}"
EndProject
Project("{9A19103F-16F7-4668-BE54-9A1E7A4F7556}") = "QuickSort", "QuickSort\QuickSort.csproj", "{35377281-5502-42A3-A27E-40C98C960663}"
EndProject
Project("{9A19103F-16F7-4668-BE54-9A1E7A4F7556}") = "Recursion", "Recursion\Recursion.csproj", "{2552D47A-B7A1-4207-830C-DDB69D4B1993}"
EndProject
Project("{FAE04EC0-301F-11D3-BF4B-00C04F79EFBC}") = "BreadthFirstSearch", "BreadthFirstSearch\BreadthFirstSearch.csproj", "{43D1E2CA-6594-4804-974B-FFFFDD76A072}"
EndProject
Global
	GlobalSection(SolutionConfigurationPlatforms) = preSolution
		Debug|Any CPU = Debug|Any CPU
		Release|Any CPU = Release|Any CPU
	EndGlobalSection
	GlobalSection(ProjectConfigurationPlatforms) = postSolution
		{1E1E7CAF-F616-44A8-A10D-9471499982E8}.Debug|Any CPU.ActiveCfg = Debug|Any CPU
		{1E1E7CAF-F616-44A8-A10D-9471499982E8}.Debug|Any CPU.Build.0 = Debug|Any CPU
		{1E1E7CAF-F616-44A8-A10D-9471499982E8}.Release|Any CPU.ActiveCfg = Release|Any CPU
		{1E1E7CAF-F616-44A8-A10D-9471499982E8}.Release|Any CPU.Build.0 = Release|Any CPU
		{BEA4D335-3127-4E1F-AE9A-C6922980E7B3}.Debug|Any CPU.ActiveCfg = Debug|Any CPU
		{BEA4D335-3127-4E1F-AE9A-C6922980E7B3}.Debug|Any CPU.Build.0 = Debug|Any CPU
		{BEA4D335-3127-4E1F-AE9A-C6922980E7B3}.Release|Any CPU.ActiveCfg = Release|Any CPU
		{BEA4D335-3127-4E1F-AE9A-C6922980E7B3}.Release|Any CPU.Build.0 = Release|Any CPU
		{35377281-5502-42A3-A27E-40C98C960663}.Debug|Any CPU.ActiveCfg = Debug|Any CPU
		{35377281-5502-42A3-A27E-40C98C960663}.Debug|Any CPU.Build.0 = Debug|Any CPU
		{35377281-5502-42A3-A27E-40C98C960663}.Release|Any CPU.ActiveCfg = Release|Any CPU
		{35377281-5502-42A3-A27E-40C98C960663}.Release|Any CPU.Build.0 = Release|Any CPU
		{2552D47A-B7A1-4207-830C-DDB69D4B1993}.Debug|Any CPU.ActiveCfg = Debug|Any CPU
		{2552D47A-B7A1-4207-830C-DDB69D4B1993}.Debug|Any CPU.Build.0 = Debug|Any CPU
		{2552D47A-B7A1-4207-830C-DDB69D4B1993}.Release|Any CPU.ActiveCfg = Release|Any CPU
		{2552D47A-B7A1-4207-830C-DDB69D4B1993}.Release|Any CPU.Build.0 = Release|Any CPU
		{43D1E2CA-6594-4804-974B-FFFFDD76A072}.Debug|Any CPU.ActiveCfg = Debug|Any CPU
		{43D1E2CA-6594-4804-974B-FFFFDD76A072}.Debug|Any CPU.Build.0 = Debug|Any CPU
		{43D1E2CA-6594-4804-974B-FFFFDD76A072}.Release|Any CPU.ActiveCfg = Release|Any CPU
		{43D1E2CA-6594-4804-974B-FFFFDD76A072}.Release|Any CPU.Build.0 = Release|Any CPU
	EndGlobalSection
	GlobalSection(SolutionProperties) = preSolution
		HideSolutionNode = FALSE
	EndGlobalSection
	GlobalSection(ExtensibilityGlobals) = postSolution
		SolutionGuid = {8485A072-8A64-4B9F-8EF7-292B4ECA2E28}
	EndGlobalSection
EndGlobal
